PODS:
  - Kingfisher (5.15.0):
    - Kingfisher/Core (= 5.15.0)
  - Kingfisher/Core (5.15.0)
  - Nimble (8.1.1)
  - Quick (3.0.0)

DEPENDENCIES:
  - Kingfisher
  - Nimble
  - Quick

SPEC REPOS:
  trunk:
    - Kingfisher
    - Nimble
    - Quick

SPEC CHECKSUMS:
  Kingfisher: 1acb67597a520c2d0310677e66d6e0af455ef757
  Nimble: 5f8a2fb6fa343a7242dfdd9d42f7267419d464b2
  Quick: 6d9559f40647bc4d510103842ef2fdd882d753e2

PODFILE CHECKSUM: 0b7310410de5c4186f6a67d8d634fa1443bbbe23

COCOAPODS: 1.9.3
